
Microsoft Visual Studio Solution File, Format Version 12.00
# Visual Studio 15
VisualStudioVersion = 15.0.27703.2026
MinimumVisualStudioVersion = 10.0.40219.1
Project("{8BC9CEB8-8B4A-11D0-8D11-00A0C91BC942}") = "Client", "Client.vcxproj", "{96E4EA67-C036-45E4-897B-188F07E5AFD8}"
EndProject
Project("{2150E333-8FDC-42A3-9474-1A3956D46DE8}") = "Share", "Share", "{576DF513-E588-4B74-B6D5-0661A02276C2}"
EndProject
Project("{2150E333-8FDC-42A3-9474-1A3956D46DE8}") = "task", "task", "{D7B07362-7CD1-4302-B5C8-533024A0C8F3}"
	ProjectSection(SolutionItems) = preProject
		..\Shrare\task\MyClientDefine.h = ..\Shrare\task\MyClientDefine.h
		..\Shrare\task\MyDefine.h = ..\Shrare\task\MyDefine.h
		..\Shrare\task\MyEnum.h = ..\Shrare\task\MyEnum.h
		..\Shrare\task\MyFlag.h = ..\Shrare\task\MyFlag.h
		..\Shrare\task\MyStruct.h = ..\Shrare\task\MyStruct.h
		..\Shrare\task\MyUsing.h = ..\Shrare\task\MyUsing.h
	EndProjectSection
EndProject
Project("{8BC9CEB8-8B4A-11D0-8D11-00A0C91BC942}") = "Script", "..\Script\Script.vcxproj", "{475C1900-5D2E-4674-ACCA-49F91E0CFB53}"
EndProject
Global
	GlobalSection(SolutionConfigurationPlatforms) = preSolution
		Debug|x64 = Debug|x64
		Debug|x86 = Debug|x86
		Release|x64 = Release|x64
		Release|x86 = Release|x86
		ScriptTool|x64 = ScriptTool|x64
		ScriptTool|x86 = ScriptTool|x86
	EndGlobalSection
	GlobalSection(ProjectConfigurationPlatforms) = postSolution
		{96E4EA67-C036-45E4-897B-188F07E5AFD8}.Debug|x64.ActiveCfg = Debug|x64
		{96E4EA67-C036-45E4-897B-188F07E5AFD8}.Debug|x64.Build.0 = Debug|x64
		{96E4EA67-C036-45E4-897B-188F07E5AFD8}.Debug|x86.ActiveCfg = Debug|x64
		{96E4EA67-C036-45E4-897B-188F07E5AFD8}.Debug|x86.Build.0 = Debug|x64
		{96E4EA67-C036-45E4-897B-188F07E5AFD8}.Release|x64.ActiveCfg = Debug|x64
		{96E4EA67-C036-45E4-897B-188F07E5AFD8}.Release|x64.Build.0 = Debug|x64
		{96E4EA67-C036-45E4-897B-188F07E5AFD8}.Release|x86.ActiveCfg = Debug|x64
		{96E4EA67-C036-45E4-897B-188F07E5AFD8}.Release|x86.Build.0 = Debug|x64
		{96E4EA67-C036-45E4-897B-188F07E5AFD8}.ScriptTool|x64.ActiveCfg = Debug|x64
		{96E4EA67-C036-45E4-897B-188F07E5AFD8}.ScriptTool|x86.ActiveCfg = ScriptTool|Win32
		{96E4EA67-C036-45E4-897B-188F07E5AFD8}.ScriptTool|x86.Build.0 = ScriptTool|Win32
		{475C1900-5D2E-4674-ACCA-49F91E0CFB53}.Debug|x64.ActiveCfg = Debug|x64
		{475C1900-5D2E-4674-ACCA-49F91E0CFB53}.Debug|x86.ActiveCfg = Debug|x64
		{475C1900-5D2E-4674-ACCA-49F91E0CFB53}.Debug|x86.Build.0 = Debug|x64
		{475C1900-5D2E-4674-ACCA-49F91E0CFB53}.Release|x64.ActiveCfg = Debug|x64
		{475C1900-5D2E-4674-ACCA-49F91E0CFB53}.Release|x86.ActiveCfg = Debug|x64
		{475C1900-5D2E-4674-ACCA-49F91E0CFB53}.Release|x86.Build.0 = Debug|x64
		{475C1900-5D2E-4674-ACCA-49F91E0CFB53}.ScriptTool|x64.ActiveCfg = Debug|x64
		{475C1900-5D2E-4674-ACCA-49F91E0CFB53}.ScriptTool|x64.Build.0 = Debug|x64
		{475C1900-5D2E-4674-ACCA-49F91E0CFB53}.ScriptTool|x86.ActiveCfg = ScriptTool|Win32
		{475C1900-5D2E-4674-ACCA-49F91E0CFB53}.ScriptTool|x86.Build.0 = ScriptTool|Win32
	EndGlobalSection
	GlobalSection(SolutionProperties) = preSolution
		HideSolutionNode = FALSE
	EndGlobalSection
	GlobalSection(NestedProjects) = preSolution
		{D7B07362-7CD1-4302-B5C8-533024A0C8F3} = {576DF513-E588-4B74-B6D5-0661A02276C2}
	EndGlobalSection
	GlobalSection(ExtensibilityGlobals) = postSolution
		SolutionGuid = {90341000-658E-4630-819C-4329437BDB01}
	EndGlobalSection
EndGlobal
